
Microsoft Visual Studio Solution File, Format Version 12.00
Project("{FAE04EC0-301F-11D3-BF4B-00C04F79EFBC}") = "PhaticBot", "PhaticBot\PhaticBot.csproj", "{3604956F-BE48-4112-865A-2778A34DB4EF}"
EndProject
Global
	GlobalSection(SolutionConfigurationPlatforms) = preSolution
		Debug|Any CPU = Debug|Any CPU
		Release|Any CPU = Release|Any CPU
	EndGlobalSection
	GlobalSection(ProjectConfigurationPlatforms) = postSolution
		{3604956F-BE48-4112-865A-2778A34DB4EF}.Debug|Any CPU.ActiveCfg = Debug|Any CPU
		{3604956F-BE48-4112-865A-2778A34DB4EF}.Debug|Any CPU.Build.0 = Debug|Any CPU
		{3604956F-BE48-4112-865A-2778A34DB4EF}.Release|Any CPU.ActiveCfg = Release|Any CPU
		{3604956F-BE48-4112-865A-2778A34DB4EF}.Release|Any CPU.Build.0 = Release|Any CPU
	EndGlobalSection
EndGlobal
